
Microsoft Visual Studio Solution File, Format Version 12.00
# Visual Studio Version 17
VisualStudioVersion = 17.8.34408.163
MinimumVisualStudioVersion = 10.0.40219.1
Project("{FAE04EC0-301F-11D3-BF4B-00C04F79EFBC}") = "Mission6_Peterson", "Mission6_Peterson\Mission6_Peterson.csproj", "{B6A74DBF-19D0-4EFF-BCE8-D433B420C851}"
EndProject
Global
	GlobalSection(SolutionConfigurationPlatforms) = preSolution
		Debug|Any CPU = Debug|Any CPU
		Release|Any CPU = Release|Any CPU
	EndGlobalSection
	GlobalSection(ProjectConfigurationPlatforms) = postSolution
		{B6A74DBF-19D0-4EFF-BCE8-D433B420C851}.Debug|Any CPU.ActiveCfg = Debug|Any CPU
		{B6A74DBF-19D0-4EFF-BCE8-D433B420C851}.Debug|Any CPU.Build.0 = Debug|Any CPU
		{B6A74DBF-19D0-4EFF-BCE8-D433B420C851}.Release|Any CPU.ActiveCfg = Release|Any CPU
		{B6A74DBF-19D0-4EFF-BCE8-D433B420C851}.Release|Any CPU.Build.0 = Release|Any CPU
	EndGlobalSection
	GlobalSection(SolutionProperties) = preSolution
		HideSolutionNode = FALSE
	EndGlobalSection
	GlobalSection(ExtensibilityGlobals) = postSolution
		SolutionGuid = {79291CF5-AC9D-40C3-AE4E-20139C83C8C8}
	EndGlobalSection
EndGlobal
